
Microsoft Visual Studio Solution File, Format Version 12.00
# Visual Studio Version 16
VisualStudioVersion = 16.0.31410.357
MinimumVisualStudioVersion = 10.0.40219.1
Project("{FAE04EC0-301F-11D3-BF4B-00C04F79EFBC}") = "PVABotConnector", "PVABotConnector\PVABotConnector.csproj", "{F8A6CC2F-F488-4A05-9093-E4F80817ECCE}"
EndProject
Global
	GlobalSection(SolutionConfigurationPlatforms) = preSolution
		Debug|Any CPU = Debug|Any CPU
		Release|Any CPU = Release|Any CPU
	EndGlobalSection
	GlobalSection(ProjectConfigurationPlatforms) = postSolution
		{F8A6CC2F-F488-4A05-9093-E4F80817ECCE}.Debug|Any CPU.ActiveCfg = Debug|Any CPU
		{F8A6CC2F-F488-4A05-9093-E4F80817ECCE}.Debug|Any CPU.Build.0 = Debug|Any CPU
		{F8A6CC2F-F488-4A05-9093-E4F80817ECCE}.Release|Any CPU.ActiveCfg = Release|Any CPU
		{F8A6CC2F-F488-4A05-9093-E4F80817ECCE}.Release|Any CPU.Build.0 = Release|Any CPU
	EndGlobalSection
	GlobalSection(SolutionProperties) = preSolution
		HideSolutionNode = FALSE
	EndGlobalSection
	GlobalSection(ExtensibilityGlobals) = postSolution
		SolutionGuid = {118ACF5B-5620-415F-BC91-8FB66C7AD442}
	EndGlobalSection
EndGlobal
